
Microsoft Visual Studio Solution File, Format Version 12.00
# Visual Studio Version 16
VisualStudioVersion = 16.0.30907.101
MinimumVisualStudioVersion = 10.0.40219.1
Project("{9A19103F-16F7-4668-BE54-9A1E7A4F7556}") = "ApiWebCore", "ApiWebCore\ApiWebCore.csproj", "{D12986EB-E4A3-4B1E-8729-5F72DB4F0220}"
EndProject
Project("{FAE04EC0-301F-11D3-BF4B-00C04F79EFBC}") = "API.Data", "API.Data\API.Data.csproj", "{70B0244B-90D3-4692-97B5-AEFFA9FC5089}"
EndProject
Project("{FAE04EC0-301F-11D3-BF4B-00C04F79EFBC}") = "API.Entities", "API.Entities\API.Entities.csproj", "{A7F92716-5472-46BB-A5DD-AE6845DDED36}"
EndProject
Project("{FAE04EC0-301F-11D3-BF4B-00C04F79EFBC}") = "API.Repository", "API.Repository\API.Repository.csproj", "{5B1405F3-7223-4433-AEE0-2FB26DED4B94}"
EndProject
Project("{FAE04EC0-301F-11D3-BF4B-00C04F79EFBC}") = "API.IRepository", "API.IRepository\API.IRepository.csproj", "{187FFEEE-6118-4883-A1AE-914073A7DF2B}"
EndProject
Global
	GlobalSection(SolutionConfigurationPlatforms) = preSolution
		Debug|Any CPU = Debug|Any CPU
		Release|Any CPU = Release|Any CPU
	EndGlobalSection
	GlobalSection(ProjectConfigurationPlatforms) = postSolution
		{D12986EB-E4A3-4B1E-8729-5F72DB4F0220}.Debug|Any CPU.ActiveCfg = Debug|Any CPU
		{D12986EB-E4A3-4B1E-8729-5F72DB4F0220}.Debug|Any CPU.Build.0 = Debug|Any CPU
		{D12986EB-E4A3-4B1E-8729-5F72DB4F0220}.Release|Any CPU.ActiveCfg = Release|Any CPU
		{D12986EB-E4A3-4B1E-8729-5F72DB4F0220}.Release|Any CPU.Build.0 = Release|Any CPU
		{70B0244B-90D3-4692-97B5-AEFFA9FC5089}.Debug|Any CPU.ActiveCfg = Debug|Any CPU
		{70B0244B-90D3-4692-97B5-AEFFA9FC5089}.Debug|Any CPU.Build.0 = Debug|Any CPU
		{70B0244B-90D3-4692-97B5-AEFFA9FC5089}.Release|Any CPU.ActiveCfg = Release|Any CPU
		{70B0244B-90D3-4692-97B5-AEFFA9FC5089}.Release|Any CPU.Build.0 = Release|Any CPU
		{A7F92716-5472-46BB-A5DD-AE6845DDED36}.Debug|Any CPU.ActiveCfg = Debug|Any CPU
		{A7F92716-5472-46BB-A5DD-AE6845DDED36}.Debug|Any CPU.Build.0 = Debug|Any CPU
		{A7F92716-5472-46BB-A5DD-AE6845DDED36}.Release|Any CPU.ActiveCfg = Release|Any CPU
		{A7F92716-5472-46BB-A5DD-AE6845DDED36}.Release|Any CPU.Build.0 = Release|Any CPU
		{5B1405F3-7223-4433-AEE0-2FB26DED4B94}.Debug|Any CPU.ActiveCfg = Debug|Any CPU
		{5B1405F3-7223-4433-AEE0-2FB26DED4B94}.Debug|Any CPU.Build.0 = Debug|Any CPU
		{5B1405F3-7223-4433-AEE0-2FB26DED4B94}.Release|Any CPU.ActiveCfg = Release|Any CPU
		{5B1405F3-7223-4433-AEE0-2FB26DED4B94}.Release|Any CPU.Build.0 = Release|Any CPU
		{187FFEEE-6118-4883-A1AE-914073A7DF2B}.Debug|Any CPU.ActiveCfg = Debug|Any CPU
		{187FFEEE-6118-4883-A1AE-914073A7DF2B}.Debug|Any CPU.Build.0 = Debug|Any CPU
		{187FFEEE-6118-4883-A1AE-914073A7DF2B}.Release|Any CPU.ActiveCfg = Release|Any CPU
		{187FFEEE-6118-4883-A1AE-914073A7DF2B}.Release|Any CPU.Build.0 = Release|Any CPU
	EndGlobalSection
	GlobalSection(SolutionProperties) = preSolution
		HideSolutionNode = FALSE
	EndGlobalSection
	GlobalSection(ExtensibilityGlobals) = postSolution
		SolutionGuid = {F691B5CB-4708-4CFB-A7E2-C284972D4DB5}
	EndGlobalSection
EndGlobal
